
Microsoft Visual Studio Solution File, Format Version 12.00
# Visual Studio Version 17
VisualStudioVersion = 17.10.35122.118
MinimumVisualStudioVersion = 10.0.40219.1
Project("{FAE04EC0-301F-11D3-BF4B-00C04F79EFBC}") = "JOGO 2.0", "JOGO 2.0\JOGO 2.0.csproj", "{3A6E90C5-58D6-47C6-AD58-F7C79D187078}"
EndProject
Global
	GlobalSection(SolutionConfigurationPlatforms) = preSolution
		Debug|Any CPU = Debug|Any CPU
		Release|Any CPU = Release|Any CPU
	EndGlobalSection
	GlobalSection(ProjectConfigurationPlatforms) = postSolution
		{3A6E90C5-58D6-47C6-AD58-F7C79D187078}.Debug|Any CPU.ActiveCfg = Debug|Any CPU
		{3A6E90C5-58D6-47C6-AD58-F7C79D187078}.Debug|Any CPU.Build.0 = Debug|Any CPU
		{3A6E90C5-58D6-47C6-AD58-F7C79D187078}.Release|Any CPU.ActiveCfg = Release|Any CPU
		{3A6E90C5-58D6-47C6-AD58-F7C79D187078}.Release|Any CPU.Build.0 = Release|Any CPU
	EndGlobalSection
	GlobalSection(SolutionProperties) = preSolution
		HideSolutionNode = FALSE
	EndGlobalSection
	GlobalSection(ExtensibilityGlobals) = postSolution
		SolutionGuid = {FAE2E4EF-D1AD-4C09-A2D7-7973AAB8FA37}
	EndGlobalSection
EndGlobal
